
Microsoft Visual Studio Solution File, Format Version 12.00
# Visual Studio 15
VisualStudioVersion = 15.0.28307.1913
MinimumVisualStudioVersion = 10.0.40219.1
Project("{FAE04EC0-301F-11D3-BF4B-00C04F79EFBC}") = "CSharpIDE", "CSharpIDE\CSharpIDE.csproj", "{4BE31948-E8AA-4C35-B36A-C7B7988F70F1}"
EndProject
Global
	GlobalSection(SolutionConfigurationPlatforms) = preSolution
		Debug|Any CPU = Debug|Any CPU
		Release|Any CPU = Release|Any CPU
	EndGlobalSection
	GlobalSection(ProjectConfigurationPlatforms) = postSolution
		{4BE31948-E8AA-4C35-B36A-C7B7988F70F1}.Debug|Any CPU.ActiveCfg = Debug|Any CPU
		{4BE31948-E8AA-4C35-B36A-C7B7988F70F1}.Debug|Any CPU.Build.0 = Debug|Any CPU
		{4BE31948-E8AA-4C35-B36A-C7B7988F70F1}.Release|Any CPU.ActiveCfg = Release|Any CPU
		{4BE31948-E8AA-4C35-B36A-C7B7988F70F1}.Release|Any CPU.Build.0 = Release|Any CPU
	EndGlobalSection
	GlobalSection(SolutionProperties) = preSolution
		HideSolutionNode = FALSE
	EndGlobalSection
	GlobalSection(ExtensibilityGlobals) = postSolution
		SolutionGuid = {C62A2D5A-64F5-46A4-977B-AC3462721E45}
	EndGlobalSection
EndGlobal
